PODS:
  - wingu-ios-sdk-essentials (1.0.7)

DEPENDENCIES:
  - wingu-ios-sdk-essentials (from `../`)

EXTERNAL SOURCES:
  wingu-ios-sdk-essentials:
    :path: "../"

SPEC CHECKSUMS:
  wingu-ios-sdk-essentials: 7dc2e466ad923a5b1d4dffcdce62fb973ea31fa8

PODFILE CHECKSUM: 79017438fafcdbde942f5406c74edac4fc50416a

COCOAPODS: 1.6.0.beta.1
