// !$*UTF8*$!
{
	archiveVersion = 1;
	classes = {
	};
	objectVersion = 50;
	objects = {

/* Begin PBXBuildFile section */
		DD35432B208F1AFD0023C7CB /* AppDelegate.swift in Sources */ = {isa = PBXBuildFile; fileRef = DD35432A208F1AFD0023C7CB /* AppDelegate.swift */; };
		DD35432D208F1AFD0023C7CB /* ViewController.swift in Sources */ = {isa = PBXBuildFile; fileRef = DD35432C208F1AFD0023C7CB /* ViewController.swift */; };
		DD354330208F1AFD0023C7CB /* Main.storyboard in Resources */ = {isa = PBXBuildFile; fileRef = DD35432E208F1AFD0023C7CB /* Main.storyboard */; };
		DD354332208F1AFE0023C7CB /* Assets.xcassets in Resources */ = {isa = PBXBuildFile; fileRef = DD354331208F1AFE0023C7CB /* Assets.xcassets */; };
		DD354335208F1AFE0023C7CB /* LaunchScreen.storyboard in Resources */ = {isa = PBXBuildFile; fileRef = DD354333208F1AFE0023C7CB /* LaunchScreen.storyboard */; };
		DD35434E208F1E930023C7CB /* winguSDKEssential.framework in Frameworks */ = {isa = PBXBuildFile; fileRef = DD35434D208F1E930023C7CB /* winguSDKEssential.framework */; };
		DD35434F208F1E930023C7CB /* winguSDKEssential.framework in Embed Frameworks */ = {isa = PBXBuildFile; fileRef = DD35434D208F1E930023C7CB /* winguSDKEssential.framework */; settings = {ATTRIBUTES = (CodeSignOnCopy, RemoveHeadersOnCopy, ); }; };
/* End PBXBuildFile section */

/* Begin PBXCopyFilesBuildPhase section */
		DD354350208F1E930023C7CB /* Embed Frameworks */ = {
			isa = PBXCopyFilesBuildPhase;
			buildActionMask = 2147483647;
			dstPath = "";
			dstSubfolderSpec = 10;
			files = (
				DD35434F208F1E930023C7CB /* winguSDKEssential.framework in Embed Frameworks */,
			);
			name = "Embed Frameworks";
			runOnlyForDeploymentPostprocessing = 0;
		};
/* End PBXCopyFilesBuildPhase section */

/* Begin PBXFileReference section */
		DD354327208F1AFD0023C7CB /* winguEssentialsDemo.app */ = {isa = PBXFileReference; explicitFileType = wrapper.application; includeInIndex = 0; path = winguEssentialsDemo.app; sourceTree = BUILT_PRODUCTS_DIR; };
		DD35432A208F1AFD0023C7CB /* AppDelegate.swift */ = {isa = PBXFileReference; lastKnownFileType = sourcecode.swift; path = AppDelegate.swift; sourceTree = "<group>"; };
		DD35432C208F1AFD0023C7CB /* ViewController.swift */ = {isa = PBXFileReference; lastKnownFileType = sourcecode.swift; path = ViewController.swift; sourceTree = "<group>"; };
		DD35432F208F1AFD0023C7CB /* Base */ = {isa = PBXFileReference; lastKnownFileType = file.storyboard; name = Base; path = Base.lproj/Main.storyboard; sourceTree = "<group>"; };
		DD354331208F1AFE0023C7CB /* Assets.xcassets */ = {isa = PBXFileReference; lastKnownFileType = folder.assetcatalog; path = Assets.xcassets; sourceTree = "<group>"; };
		DD354334208F1AFE0023C7CB /* Base */ = {isa = PBXFileReference; lastKnownFileType = file.storyboard; name = Base; path = Base.lproj/LaunchScreen.storyboard; sourceTree = "<group>"; };
		DD354336208F1AFE0023C7CB /* Info.plist */ = {isa = PBXFileReference; lastKnownFileType = text.plist.xml; path = Info.plist; sourceTree = "<group>"; };
		DD35434D208F1E930023C7CB /* winguSDKEssential.framework */ = {isa = PBXFileReference; lastKnownFileType = wrapper.framework; name = winguSDKEssential.framework; path = Frameworks/winguSDKEssential.framework; sourceTree = "<group>"; };
/* End PBXFileReference section */

/* Begin PBXFrameworksBuildPhase section */
		DD354324208F1AFD0023C7CB /* Frameworks */ = {
			isa = PBXFrameworksBuildPhase;
			buildActionMask = 2147483647;
			files = (
				DD35434E208F1E930023C7CB /* winguSDKEssential.framework in Frameworks */,
			);
			runOnlyForDeploymentPostprocessing = 0;
		};
/* End PBXFrameworksBuildPhase section */

/* Begin PBXGroup section */
		DD35431E208F1AFD0023C7CB = {
			isa = PBXGroup;
			children = (
				DD35434D208F1E930023C7CB /* winguSDKEssential.framework */,
				DD354329208F1AFD0023C7CB /* winguEssentialsDemo */,
				DD354328208F1AFD0023C7CB /* Products */,
			);
			sourceTree = "<group>";
		};
		DD354328208F1AFD0023C7CB /* Products */ = {
			isa = PBXGroup;
			children = (
				DD354327208F1AFD0023C7CB /* winguEssentialsDemo.app */,
			);
			name = Products;
			sourceTree = "<group>";
		};
		DD354329208F1AFD0023C7CB /* winguEssentialsDemo */ = {
			isa = PBXGroup;
			children = (
				DD35432A208F1AFD0023C7CB /* AppDelegate.swift */,
				DD35432C208F1AFD0023C7CB /* ViewController.swift */,
				DD35432E208F1AFD0023C7CB /* Main.storyboard */,
				DD354331208F1AFE0023C7CB /* Assets.xcassets */,
				DD354333208F1AFE0023C7CB /* LaunchScreen.storyboard */,
				DD354336208F1AFE0023C7CB /* Info.plist */,
			);
			path = winguEssentialsDemo;
			sourceTree = "<group>";
		};
/* End PBXGroup section */

/* Begin PBXNativeTarget section */
		DD354326208F1AFD0023C7CB /* winguEssentialsDemo */ = {
			isa = PBXNativeTarget;
			buildConfigurationList = DD354339208F1AFE0023C7CB /* Build configuration list for PBXNativeTarget "winguEssentialsDemo" */;
			buildPhases = (
				DD354323208F1AFD0023C7CB /* Sources */,
				DD354324208F1AFD0023C7CB /* Frameworks */,
				DD354325208F1AFD0023C7CB /* Resources */,
				DD354350208F1E930023C7CB /* Embed Frameworks */,
			);
			buildRules = (
			);
			dependencies = (
			);
			name = winguEssentialsDemo;
			productName = winguEssentialsDemo;
			productReference = DD354327208F1AFD0023C7CB /* winguEssentialsDemo.app */;
			productType = "com.apple.product-type.application";
		};
/* End PBXNativeTarget section */

/* Begin PBXProject section */
		DD35431F208F1AFD0023C7CB /* Project object */ = {
			isa = PBXProject;
			attributes = {
				LastSwiftUpdateCheck = 0930;
				LastUpgradeCheck = 0930;
				ORGANIZATIONNAME = "Jakub Mazur";
				TargetAttributes = {
					DD354326208F1AFD0023C7CB = {
						CreatedOnToolsVersion = 9.3;
					};
				};
			};
			buildConfigurationList = DD354322208F1AFD0023C7CB /* Build configuration list for PBXProject "winguEssentialsDemo" */;
			compatibilityVersion = "Xcode 9.3";
			developmentRegion = en;
			hasScannedForEncodings = 0;
			knownRegions = (
				en,
				Base,
			);
			mainGroup = DD35431E208F1AFD0023C7CB;
			productRefGroup = DD354328208F1AFD0023C7CB /* Products */;
			projectDirPath = "";
			projectRoot = "";
			targets = (
				DD354326208F1AFD0023C7CB /* winguEssentialsDemo */,
			);
		};
/* End PBXProject section */

/* Begin PBXResourcesBuildPhase section */
		DD354325208F1AFD0023C7CB /* Resources */ = {
			isa = PBXResourcesBuildPhase;
			buildActionMask = 2147483647;
			files = (
				DD354335208F1AFE0023C7CB /* LaunchScreen.storyboard in Resources */,
				DD354332208F1AFE0023C7CB /* Assets.xcassets in Resources */,
				DD354330208F1AFD0023C7CB /* Main.storyboard in Resources */,
			);
			runOnlyForDeploymentPostprocessing = 0;
		};
/* End PBXResourcesBuildPhase section */

/* Begin PBXSourcesBuildPhase section */
		DD354323208F1AFD0023C7CB /* Sources */ = {
			isa = PBXSourcesBuildPhase;
			buildActionMask = 2147483647;
			files = (
				DD35432D208F1AFD0023C7CB /* ViewController.swift in Sources */,
				DD35432B208F1AFD0023C7CB /* AppDelegate.swift in Sources */,
			);
			runOnlyForDeploymentPostprocessing = 0;
		};
/* End PBXSourcesBuildPhase section */

/* Begin PBXVariantGroup section */
		DD35432E208F1AFD0023C7CB /* Main.storyboard */ = {
			isa = PBXVariantGroup;
			children = (
				DD35432F208F1AFD0023C7CB /* Base */,
			);
			name = Main.storyboard;
			sourceTree = "<group>";
		};
		DD354333208F1AFE0023C7CB /* LaunchScreen.storyboard */ = {
			isa = PBXVariantGroup;
			children = (
				DD354334208F1AFE0023C7CB /* Base */,
			);
			name = LaunchScreen.storyboard;
			sourceTree = "<group>";
		};
/* End PBXVariantGroup section */

/* Begin XCBuildConfiguration section */
		DD354337208F1AFE0023C7CB /* Debug */ = {
			isa = XCBuildConfiguration;
			buildSettings = {
				ALWAYS_SEARCH_USER_PATHS = NO;
				CLANG_ANALYZER_NONNULL = YES;
				CLANG_ANALYZER_NUMBER_OBJECT_CONVERSION = YES_AGGRESSIVE;
				CLANG_CXX_LANGUAGE_STANDARD = "gnu++14";
				CLANG_CXX_LIBRARY = "libc++";
				CLANG_ENABLE_MODULES = YES;
				CLANG_ENABLE_OBJC_ARC = YES;
				CLANG_ENABLE_OBJC_WEAK = YES;
				CLANG_WARN_BLOCK_CAPTURE_AUTORELEASING = YES;
				CLANG_WARN_BOOL_CONVERSION = YES;
				CLANG_WARN_COMMA = YES;
				CLANG_WARN_CONSTANT_CONVERSION = YES;
				CLANG_WARN_DEPRECATED_OBJC_IMPLEMENTATIONS = YES;
				CLANG_WARN_DIRECT_OBJC_ISA_USAGE = YES_ERROR;
				CLANG_WARN_DOCUMENTATION_COMMENTS = YES;
				CLANG_WARN_EMPTY_BODY = YES;
				CLANG_WARN_ENUM_CONVERSION = YES;
				CLANG_WARN_INFINITE_RECURSION = YES;
				CLANG_WARN_INT_CONVERSION = YES;
				CLANG_WARN_NON_LITERAL_NULL_CONVERSION = YES;
				CLANG_WARN_OBJC_IMPLICIT_RETAIN_SELF = YES;
				CLANG_WARN_OBJC_LITERAL_CONVERSION = YES;
				CLANG_WARN_OBJC_ROOT_CLASS = YES_ERROR;
				CLANG_WARN_RANGE_LOOP_ANALYSIS = YES;
				CLANG_WARN_STRICT_PROTOTYPES = YES;
				CLANG_WARN_SUSPICIOUS_MOVE = YES;
				CLANG_WARN_UNGUARDED_AVAILABILITY = YES_AGGRESSIVE;
				CLANG_WARN_UNREACHABLE_CODE = YES;
				CLANG_WARN__DUPLICATE_METHOD_MATCH = YES;
				CODE_SIGN_IDENTITY = "iPhone Developer";
				COPY_PHASE_STRIP = NO;
				DEBUG_INFORMATION_FORMAT = dwarf;
				ENABLE_STRICT_OBJC_MSGSEND = YES;
				ENABLE_TESTABILITY = YES;
				GCC_C_LANGUAGE_STANDARD = gnu11;
				GCC_DYNAMIC_NO_PIC = NO;
				GCC_NO_COMMON_BLOCKS = YES;
				GCC_OPTIMIZATION_LEVEL = 0;
				GCC_PREPROCESSOR_DEFINITIONS = (
					"DEBUG=1",
					"$(inherited)",
				);
				GCC_WARN_64_TO_32_BIT_CONVERSION = YES;
				GCC_WARN_ABOUT_RETURN_TYPE = YES_ERROR;
				GCC_WARN_UNDECLARED_SELECTOR = YES;
				GCC_WARN_UNINITIALIZED_AUTOS = YES_AGGRESSIVE;
				GCC_WARN_UNUSED_FUNCTION = YES;
				GCC_WARN_UNUSED_VARIABLE = YES;
				IPHONEOS_DEPLOYMENT_TARGET = 11.3;
				MTL_ENABLE_DEBUG_INFO = YES;
				ONLY_ACTIVE_ARCH = YES;
				SDKROOT = iphoneos;
				SWIFT_ACTIVE_COMPILATION_CONDITIONS = DEBUG;
				SWIFT_OPTIMIZATION_LEVEL = "-Onone";
			};
			name = Debug;
		};
		DD354338208F1AFE0023C7CB /* Release */ = {
			isa = XCBuildConfiguration;
			buildSettings = {
				ALWAYS_SEARCH_USER_PATHS = NO;
				CLANG_ANALYZER_NONNULL = YES;
				CLANG_ANALYZER_NUMBER_OBJECT_CONVERSION = YES_AGGRESSIVE;
				CLANG_CXX_LANGUAGE_STANDARD = "gnu++14";
				CLANG_CXX_LIBRARY = "libc++";
				CLANG_ENABLE_MODULES = YES;
				CLANG_ENABLE_OBJC_ARC = YES;
				CLANG_ENABLE_OBJC_WEAK = YES;
				CLANG_WARN_BLOCK_CAPTURE_AUTORELEASING = YES;
				CLANG_WARN_BOOL_CONVERSION = YES;
				CLANG_WARN_COMMA = YES;
				CLANG_WARN_CONSTANT_CONVERSION = YES;
				CLANG_WARN_DEPRECATED_OBJC_IMPLEMENTATIONS = YES;
				CLANG_WARN_DIRECT_OBJC_ISA_USAGE = YES_ERROR;
				CLANG_WARN_DOCUMENTATION_COMMENTS = YES;
				CLANG_WARN_EMPTY_BODY = YES;
				CLANG_WARN_ENUM_CONVERSION = YES;
				CLANG_WARN_INFINITE_RECURSION = YES;
				CLANG_WARN_INT_CONVERSION = YES;
				CLANG_WARN_NON_LITERAL_NULL_CONVERSION = YES;
				CLANG_WARN_OBJC_IMPLICIT_RETAIN_SELF = YES;
				CLANG_WARN_OBJC_LITERAL_CONVERSION = YES;
				CLANG_WARN_OBJC_ROOT_CLASS = YES_ERROR;
				CLANG_WARN_RANGE_LOOP_ANALYSIS = YES;
				CLANG_WARN_STRICT_PROTOTYPES = YES;
				CLANG_WARN_SUSPICIOUS_MOVE = YES;
				CLANG_WARN_UNGUARDED_AVAILABILITY = YES_AGGRESSIVE;
				CLANG_WARN_UNREACHABLE_CODE = YES;
				CLANG_WARN__DUPLICATE_METHOD_MATCH = YES;
				CODE_SIGN_IDENTITY = "iPhone Developer";
				COPY_PHASE_STRIP = NO;
				DEBUG_INFORMATION_FORMAT = "dwarf-with-dsym";
				ENABLE_NS_ASSERTIONS = NO;
				ENABLE_STRICT_OBJC_MSGSEND = YES;
				GCC_C_LANGUAGE_STANDARD = gnu11;
				GCC_NO_COMMON_BLOCKS = YES;
				GCC_WARN_64_TO_32_BIT_CONVERSION = YES;
				GCC_WARN_ABOUT_RETURN_TYPE = YES_ERROR;
				GCC_WARN_UNDECLARED_SELECTOR = YES;
				GCC_WARN_UNINITIALIZED_AUTOS = YES_AGGRESSIVE;
				GCC_WARN_UNUSED_FUNCTION = YES;
				GCC_WARN_UNUSED_VARIABLE = YES;
				IPHONEOS_DEPLOYMENT_TARGET = 11.3;
				MTL_ENABLE_DEBUG_INFO = NO;
				SDKROOT = iphoneos;
				SWIFT_COMPILATION_MODE = wholemodule;
				SWIFT_OPTIMIZATION_LEVEL = "-O";
				VALIDATE_PRODUCT = YES;
			};
			name = Release;
		};
		DD35433A208F1AFE0023C7CB /* Debug */ = {
			isa = XCBuildConfiguration;
			buildSettings = {
				ASSETCATALOG_COMPILER_APPICON_NAME = AppIcon;
				CODE_SIGN_STYLE = Automatic;
				DEVELOPMENT_TEAM = 9232HDTN9M;
				FRAMEWORK_SEARCH_PATHS = (
					"$(inherited)",
					"$(PROJECT_DIR)",
					"$(PROJECT_DIR)/Frameworks",
				);
				INFOPLIST_FILE = winguEssentialsDemo/Info.plist;
				IPHONEOS_DEPLOYMENT_TARGET = 9.0;
				LD_RUNPATH_SEARCH_PATHS = (
					"$(inherited)",
					"@executable_path/Frameworks",
				);
				PRODUCT_BUNDLE_IDENTIFIER = de.wingu.winguEssentialsDemo;
				PRODUCT_NAME = "$(TARGET_NAME)";
				SWIFT_VERSION = 4.0;
				TARGETED_DEVICE_FAMILY = "1,2";
			};
			name = Debug;
		};
		DD35433B208F1AFE0023C7CB /* Release */ = {
			isa = XCBuildConfiguration;
			buildSettings = {
				ASSETCATALOG_COMPILER_APPICON_NAME = AppIcon;
				CODE_SIGN_STYLE = Automatic;
				DEVELOPMENT_TEAM = 9232HDTN9M;
				FRAMEWORK_SEARCH_PATHS = (
					"$(inherited)",
					"$(PROJECT_DIR)",
					"$(PROJECT_DIR)/Frameworks",
				);
				INFOPLIST_FILE = winguEssentialsDemo/Info.plist;
				IPHONEOS_DEPLOYMENT_TARGET = 9.0;
				LD_RUNPATH_SEARCH_PATHS = (
					"$(inherited)",
					"@executable_path/Frameworks",
				);
				PRODUCT_BUNDLE_IDENTIFIER = de.wingu.winguEssentialsDemo;
				PRODUCT_NAME = "$(TARGET_NAME)";
				SWIFT_VERSION = 4.0;
				TARGETED_DEVICE_FAMILY = "1,2";
			};
			name = Release;
		};
/* End XCBuildConfiguration section */

/* Begin XCConfigurationList section */
		DD354322208F1AFD0023C7CB /* Build configuration list for PBXProject "winguEssentialsDemo" */ = {
			isa = XCConfigurationList;
			buildConfigurations = (
				DD354337208F1AFE0023C7CB /* Debug */,
				DD354338208F1AFE0023C7CB /* Release */,
			);
			defaultConfigurationIsVisible = 0;
			defaultConfigurationName = Release;
		};
		DD354339208F1AFE0023C7CB /* Build configuration list for PBXNativeTarget "winguEssentialsDemo" */ = {
			isa = XCConfigurationList;
			buildConfigurations = (
				DD35433A208F1AFE0023C7CB /* Debug */,
				DD35433B208F1AFE0023C7CB /* Release */,
			);
			defaultConfigurationIsVisible = 0;
			defaultConfigurationName = Release;
		};
/* End XCConfigurationList section */
	};
	rootObject = DD35431F208F1AFD0023C7CB /* Project object */;
}
